Microsoft Visual Studio Solution File, Format Version 12.00
# Visual Studio Version 18
VisualStudioVersion = 18.5.11723.231 stable
MinimumVisualStudioVersion = 10.0.40219.1
Project("{2150E333-8FDC-42A3-9474-1A3956D46DE8}") = "src", "src", "{827E0CD3-B72D-47B6-A68D-7590B98EB39B}"
EndProject
Project("{FAE04EC0-301F-11D3-BF4B-00C04F79EFBC}") = "OneNoteMdExport", "src\OneNoteMdExport\OneNoteMdExport.csproj", "{D1883E21-BAC4-BBF3-7651-32767DD404A9}"
EndProject
Project("{2150E333-8FDC-42A3-9474-1A3956D46DE8}") = ".dev", ".dev", "{AA7E9B1A-E7C9-4A8D-A152-9339C390675C}"
	ProjectSection(SolutionItems) = preProject
		.gitignore = .gitignore
		DiggingOut.png = DiggingOut.png
		LICENSE.md = LICENSE.md
		NOTES.md = NOTES.md
		README.md = README.md
		version.json = version.json
	EndProjectSection
EndProject
Project("{2150E333-8FDC-42A3-9474-1A3956D46DE8}") = ".github", ".github", "{B362713C-BD72-4DA1-B37A-1B23FBCF79F4}"
	ProjectSection(SolutionItems) = preProject
		.github\copilot-instructions.md = .github\copilot-instructions.md
		.github\release.yml = .github\release.yml
	EndProjectSection
EndProject
Project("{2150E333-8FDC-42A3-9474-1A3956D46DE8}") = "workflows", "workflows", "{AE0F5B8F-9DB1-476B-BAA5-D7CA640B17BF}"
	ProjectSection(SolutionItems) = preProject
		.github\workflows\release.yml = .github\workflows\release.yml
	EndProjectSection
EndProject
Global
	GlobalSection(SolutionConfigurationPlatforms) = preSolution
		Debug|Any CPU = Debug|Any CPU
		Release|Any CPU = Release|Any CPU
	EndGlobalSection
	GlobalSection(ProjectConfigurationPlatforms) = postSolution
		{D1883E21-BAC4-BBF3-7651-32767DD404A9}.Debug|Any CPU.ActiveCfg = Debug|Any CPU
		{D1883E21-BAC4-BBF3-7651-32767DD404A9}.Debug|Any CPU.Build.0 = Debug|Any CPU
		{D1883E21-BAC4-BBF3-7651-32767DD404A9}.Release|Any CPU.ActiveCfg = Release|Any CPU
		{D1883E21-BAC4-BBF3-7651-32767DD404A9}.Release|Any CPU.Build.0 = Release|Any CPU
	EndGlobalSection
	GlobalSection(SolutionProperties) = preSolution
		HideSolutionNode = FALSE
	EndGlobalSection
	GlobalSection(NestedProjects) = preSolution
		{D1883E21-BAC4-BBF3-7651-32767DD404A9} = {827E0CD3-B72D-47B6-A68D-7590B98EB39B}
		{AE0F5B8F-9DB1-476B-BAA5-D7CA640B17BF} = {B362713C-BD72-4DA1-B37A-1B23FBCF79F4}
	EndGlobalSection
	GlobalSection(ExtensibilityGlobals) = postSolution
		SolutionGuid = {813795CA-3767-4232-85F4-BF3ED554EDDD}
	EndGlobalSection
EndGlobal
